
Microsoft Visual Studio Solution File, Format Version 12.00
# Visual Studio 2015
Project("{FAE04EC0-301F-11D3-BF4B-00C04F79EFBC}") = "Magnate", "Magnate.csproj", "{1375BE48-A554-7344-1825-A4502BBC71DE}"
EndProject
Global
	GlobalSection(SolutionConfigurationPlatforms) = preSolution
		Debug|Any CPU = Debug|Any CPU
		Release|Any CPU = Release|Any CPU
	EndGlobalSection
	GlobalSection(ProjectConfigurationPlatforms) = postSolution
		{1375BE48-A554-7344-1825-A4502BBC71DE}.Debug|Any CPU.ActiveCfg = Debug|Any CPU
		{1375BE48-A554-7344-1825-A4502BBC71DE}.Debug|Any CPU.Build.0 = Debug|Any CPU
		{1375BE48-A554-7344-1825-A4502BBC71DE}.Release|Any CPU.ActiveCfg = Release|Any CPU
		{1375BE48-A554-7344-1825-A4502BBC71DE}.Release|Any CPU.Build.0 = Release|Any CPU
	EndGlobalSection
	GlobalSection(SolutionProperties) = preSolution
		HideSolutionNode = FALSE
	EndGlobalSection
EndGlobal
